
Microsoft Visual Studio Solution File, Format Version 12.00
# Visual Studio Version 16
VisualStudioVersion = 16.0.31624.102
MinimumVisualStudioVersion = 10.0.40219.1
Project("{FAE04EC0-301F-11D3-BF4B-00C04F79EFBC}") = "WeissCalculator", "WeissCalculator\WeissCalculator.csproj", "{1323EAF5-B520-470C-8D47-84573F77BE1A}"
EndProject
Global
	GlobalSection(SolutionConfigurationPlatforms) = preSolution
		Debug|Any CPU = Debug|Any CPU
		Release|Any CPU = Release|Any CPU
	EndGlobalSection
	GlobalSection(ProjectConfigurationPlatforms) = postSolution
		{1323EAF5-B520-470C-8D47-84573F77BE1A}.Debug|Any CPU.ActiveCfg = Debug|Any CPU
		{1323EAF5-B520-470C-8D47-84573F77BE1A}.Debug|Any CPU.Build.0 = Debug|Any CPU
		{1323EAF5-B520-470C-8D47-84573F77BE1A}.Release|Any CPU.ActiveCfg = Release|Any CPU
		{1323EAF5-B520-470C-8D47-84573F77BE1A}.Release|Any CPU.Build.0 = Release|Any CPU
	EndGlobalSection
	GlobalSection(SolutionProperties) = preSolution
		HideSolutionNode = FALSE
	EndGlobalSection
	GlobalSection(ExtensibilityGlobals) = postSolution
		SolutionGuid = {32352A25-0BA5-442A-B91C-711C7F743B49}
	EndGlobalSection
EndGlobal
